// !$*UTF8*$!
{
	archiveVersion = 1;
	classes = {
	};
	objectVersion = 56;
	objects = {

/* Begin PBXBuildFile section */
		8DDF902A2A61AB8100AFB767 /* MockDemoApp.swift in Sources */ = {isa = PBXBuildFile; fileRef = 8DDF90292A61AB8100AFB767 /* MockDemoApp.swift */; };
		8DDF902C2A61AB8100AFB767 /* ContentView.swift in Sources */ = {isa = PBXBuildFile; fileRef = 8DDF902B2A61AB8100AFB767 /* ContentView.swift */; };
		8DDF902E2A61AB8300AFB767 /* Assets.xcassets in Resources */ = {isa = PBXBuildFile; fileRef = 8DDF902D2A61AB8300AFB767 /* Assets.xcassets */; };
		8DDF90312A61AB8300AFB767 /* Preview Assets.xcassets in Resources */ = {isa = PBXBuildFile; fileRef = 8DDF90302A61AB8300AFB767 /* Preview Assets.xcassets */; };
		8DDF903B2A61AB8400AFB767 /* MockDemoTests.swift in Sources */ = {isa = PBXBuildFile; fileRef = 8DDF903A2A61AB8400AFB767 /* MockDemoTests.swift */; };
		8DDF90452A61AB8400AFB767 /* MockDemoUITests.swift in Sources */ = {isa = PBXBuildFile; fileRef = 8DDF90442A61AB8400AFB767 /* MockDemoUITests.swift */; };
		8DDF90472A61AB8400AFB767 /* MockDemoUITestsLaunchTests.swift in Sources */ = {isa = PBXBuildFile; fileRef = 8DDF90462A61AB8400AFB767 /* MockDemoUITestsLaunchTests.swift */; };
		8DDF90592A65C6B200AFB767 /* LoginResponse.swift in Sources */ = {isa = PBXBuildFile; fileRef = 8DDF90582A65C6B200AFB767 /* LoginResponse.swift */; };
		8DDF905B2A65C6E000AFB767 /* WebService.swift in Sources */ = {isa = PBXBuildFile; fileRef = 8DDF905A2A65C6E000AFB767 /* WebService.swift */; };
		8DDF905D2A65C70800AFB767 /* LoginViewModel.swift in Sources */ = {isa = PBXBuildFile; fileRef = 8DDF905C2A65C70800AFB767 /* LoginViewModel.swift */; };
		8DDF905F2A65C90000AFB767 /* DashboardView.swift in Sources */ = {isa = PBXBuildFile; fileRef = 8DDF905E2A65C90000AFB767 /* DashboardView.swift */; };
/* End PBXBuildFile section */

/* Begin PBXContainerItemProxy section */
		8DDF90372A61AB8400AFB767 /* PBXContainerItemProxy */ = {
			isa = PBXContainerItemProxy;
			containerPortal = 8DDF901E2A61AB8100AFB767 /* Project object */;
			proxyType = 1;
			remoteGlobalIDString = 8DDF90252A61AB8100AFB767;
			remoteInfo = MockDemo;
		};
		8DDF90412A61AB8400AFB767 /* PBXContainerItemProxy */ = {
			isa = PBXContainerItemProxy;
			containerPortal = 8DDF901E2A61AB8100AFB767 /* Project object */;
			proxyType = 1;
			remoteGlobalIDString = 8DDF90252A61AB8100AFB767;
			remoteInfo = MockDemo;
		};
/* End PBXContainerItemProxy section */

/* Begin PBXFileReference section */
		8DDF90262A61AB8100AFB767 /* MockDemo.app */ = {isa = PBXFileReference; explicitFileType = wrapper.application; includeInIndex = 0; path = MockDemo.app; sourceTree = BUILT_PRODUCTS_DIR; };
		8DDF90292A61AB8100AFB767 /* MockDemoApp.swift */ = {isa = PBXFileReference; lastKnownFileType = sourcecode.swift; path = MockDemoApp.swift; sourceTree = "<group>"; };
		8DDF902B2A61AB8100AFB767 /* ContentView.swift */ = {isa = PBXFileReference; lastKnownFileType = sourcecode.swift; path = ContentView.swift; sourceTree = "<group>"; };
		8DDF902D2A61AB8300AFB767 /* Assets.xcassets */ = {isa = PBXFileReference; lastKnownFileType = folder.assetcatalog; path = Assets.xcassets; sourceTree = "<group>"; };
		8DDF90302A61AB8300AFB767 /* Preview Assets.xcassets */ = {isa = PBXFileReference; lastKnownFileType = folder.assetcatalog; path = "Preview Assets.xcassets"; sourceTree = "<group>"; };
		8DDF90362A61AB8400AFB767 /* MockDemoTests.xctest */ = {isa = PBXFileReference; explicitFileType = wrapper.cfbundle; includeInIndex = 0; path = MockDemoTests.xctest; sourceTree = BUILT_PRODUCTS_DIR; };
		8DDF903A2A61AB8400AFB767 /* MockDemoTests.swift */ = {isa = PBXFileReference; lastKnownFileType = sourcecode.swift; path = MockDemoTests.swift; sourceTree = "<group>"; };
		8DDF90402A61AB8400AFB767 /* MockDemoUITests.xctest */ = {isa = PBXFileReference; explicitFileType = wrapper.cfbundle; includeInIndex = 0; path = MockDemoUITests.xctest; sourceTree = BUILT_PRODUCTS_DIR; };
		8DDF90442A61AB8400AFB767 /* MockDemoUITests.swift */ = {isa = PBXFileReference; lastKnownFileType = sourcecode.swift; path = MockDemoUITests.swift; sourceTree = "<group>"; };
		8DDF90462A61AB8400AFB767 /* MockDemoUITestsLaunchTests.swift */ = {isa = PBXFileReference; lastKnownFileType = sourcecode.swift; path = MockDemoUITestsLaunchTests.swift; sourceTree = "<group>"; };
		8DDF90582A65C6B200AFB767 /* LoginResponse.swift */ = {isa = PBXFileReference; lastKnownFileType = sourcecode.swift; path = LoginResponse.swift; sourceTree = "<group>"; };
		8DDF905A2A65C6E000AFB767 /* WebService.swift */ = {isa = PBXFileReference; lastKnownFileType = sourcecode.swift; path = WebService.swift; sourceTree = "<group>"; };
		8DDF905C2A65C70800AFB767 /* LoginViewModel.swift */ = {isa = PBXFileReference; lastKnownFileType = sourcecode.swift; path = LoginViewModel.swift; sourceTree = "<group>"; };
		8DDF905E2A65C90000AFB767 /* DashboardView.swift */ = {isa = PBXFileReference; lastKnownFileType = sourcecode.swift; path = DashboardView.swift; sourceTree = "<group>"; };
/* End PBXFileReference section */

/* Begin PBXFrameworksBuildPhase section */
		8DDF90232A61AB8100AFB767 /* Frameworks */ = {
			isa = PBXFrameworksBuildPhase;
			buildActionMask = 2147483647;
			files = (
			);
			runOnlyForDeploymentPostprocessing = 0;
		};
		8DDF90332A61AB8400AFB767 /* Frameworks */ = {
			isa = PBXFrameworksBuildPhase;
			buildActionMask = 2147483647;
			files = (
			);
			runOnlyForDeploymentPostprocessing = 0;
		};
		8DDF903D2A61AB8400AFB767 /* Frameworks */ = {
			isa = PBXFrameworksBuildPhase;
			buildActionMask = 2147483647;
			files = (
			);
			runOnlyForDeploymentPostprocessing = 0;
		};
/* End PBXFrameworksBuildPhase section */

/* Begin PBXGroup section */
		8DDF901D2A61AB8100AFB767 = {
			isa = PBXGroup;
			children = (
				8DDF90282A61AB8100AFB767 /* MockDemo */,
				8DDF90392A61AB8400AFB767 /* MockDemoTests */,
				8DDF90432A61AB8400AFB767 /* MockDemoUITests */,
				8DDF90272A61AB8100AFB767 /* Products */,
			);
			sourceTree = "<group>";
		};
		8DDF90272A61AB8100AFB767 /* Products */ = {
			isa = PBXGroup;
			children = (
				8DDF90262A61AB8100AFB767 /* MockDemo.app */,
				8DDF90362A61AB8400AFB767 /* MockDemoTests.xctest */,
				8DDF90402A61AB8400AFB767 /* MockDemoUITests.xctest */,
			);
			name = Products;
			sourceTree = "<group>";
		};
		8DDF90282A61AB8100AFB767 /* MockDemo */ = {
			isa = PBXGroup;
			children = (
				8DDF90572A6594F600AFB767 /* Services */,
				8DDF90542A6594C100AFB767 /* LoginScreen */,
				8DDF90292A61AB8100AFB767 /* MockDemoApp.swift */,
				8DDF902D2A61AB8300AFB767 /* Assets.xcassets */,
				8DDF902F2A61AB8300AFB767 /* Preview Content */,
			);
			path = MockDemo;
			sourceTree = "<group>";
		};
		8DDF902F2A61AB8300AFB767 /* Preview Content */ = {
			isa = PBXGroup;
			children = (
				8DDF90302A61AB8300AFB767 /* Preview Assets.xcassets */,
			);
			path = "Preview Content";
			sourceTree = "<group>";
		};
		8DDF90392A61AB8400AFB767 /* MockDemoTests */ = {
			isa = PBXGroup;
			children = (
				8DDF903A2A61AB8400AFB767 /* MockDemoTests.swift */,
			);
			path = MockDemoTests;
			sourceTree = "<group>";
		};
		8DDF90432A61AB8400AFB767 /* MockDemoUITests */ = {
			isa = PBXGroup;
			children = (
				8DDF90442A61AB8400AFB767 /* MockDemoUITests.swift */,
				8DDF90462A61AB8400AFB767 /* MockDemoUITestsLaunchTests.swift */,
			);
			path = MockDemoUITests;
			sourceTree = "<group>";
		};
		8DDF90532A6594AE00AFB767 /* Model */ = {
			isa = PBXGroup;
			children = (
				8DDF90582A65C6B200AFB767 /* LoginResponse.swift */,
			);
			path = Model;
			sourceTree = "<group>";
		};
		8DDF90542A6594C100AFB767 /* LoginScreen */ = {
			isa = PBXGroup;
			children = (
				8DDF90532A6594AE00AFB767 /* Model */,
				8DDF90552A6594DD00AFB767 /* ViewModel */,
				8DDF90562A6594E800AFB767 /* View */,
			);
			path = LoginScreen;
			sourceTree = "<group>";
		};
		8DDF90552A6594DD00AFB767 /* ViewModel */ = {
			isa = PBXGroup;
			children = (
				8DDF905C2A65C70800AFB767 /* LoginViewModel.swift */,
			);
			path = ViewModel;
			sourceTree = "<group>";
		};
		8DDF90562A6594E800AFB767 /* View */ = {
			isa = PBXGroup;
			children = (
				8DDF902B2A61AB8100AFB767 /* ContentView.swift */,
				8DDF905E2A65C90000AFB767 /* DashboardView.swift */,
			);
			path = View;
			sourceTree = "<group>";
		};
		8DDF90572A6594F600AFB767 /* Services */ = {
			isa = PBXGroup;
			children = (
				8DDF905A2A65C6E000AFB767 /* WebService.swift */,
			);
			path = Services;
			sourceTree = "<group>";
		};
/* End PBXGroup section */

/* Begin PBXNativeTarget section */
		8DDF90252A61AB8100AFB767 /* MockDemo */ = {
			isa = PBXNativeTarget;
			buildConfigurationList = 8DDF904A2A61AB8400AFB767 /* Build configuration list for PBXNativeTarget "MockDemo" */;
			buildPhases = (
				8DDF90222A61AB8100AFB767 /* Sources */,
				8DDF90232A61AB8100AFB767 /* Frameworks */,
				8DDF90242A61AB8100AFB767 /* Resources */,
			);
			buildRules = (
			);
			dependencies = (
			);
			name = MockDemo;
			productName = MockDemo;
			productReference = 8DDF90262A61AB8100AFB767 /* MockDemo.app */;
			productType = "com.apple.product-type.application";
		};
		8DDF90352A61AB8400AFB767 /* MockDemoTests */ = {
			isa = PBXNativeTarget;
			buildConfigurationList = 8DDF904D2A61AB8400AFB767 /* Build configuration list for PBXNativeTarget "MockDemoTests" */;
			buildPhases = (
				8DDF90322A61AB8400AFB767 /* Sources */,
				8DDF90332A61AB8400AFB767 /* Frameworks */,
				8DDF90342A61AB8400AFB767 /* Resources */,
			);
			buildRules = (
			);
			dependencies = (
				8DDF90382A61AB8400AFB767 /* PBXTargetDependency */,
			);
			name = MockDemoTests;
			productName = MockDemoTests;
			productReference = 8DDF90362A61AB8400AFB767 /* MockDemoTests.xctest */;
			productType = "com.apple.product-type.bundle.unit-test";
		};
		8DDF903F2A61AB8400AFB767 /* MockDemoUITests */ = {
			isa = PBXNativeTarget;
			buildConfigurationList = 8DDF90502A61AB8400AFB767 /* Build configuration list for PBXNativeTarget "MockDemoUITests" */;
			buildPhases = (
				8DDF903C2A61AB8400AFB767 /* Sources */,
				8DDF903D2A61AB8400AFB767 /* Frameworks */,
				8DDF903E2A61AB8400AFB767 /* Resources */,
			);
			buildRules = (
			);
			dependencies = (
				8DDF90422A61AB8400AFB767 /* PBXTargetDependency */,
			);
			name = MockDemoUITests;
			productName = MockDemoUITests;
			productReference = 8DDF90402A61AB8400AFB767 /* MockDemoUITests.xctest */;
			productType = "com.apple.product-type.bundle.ui-testing";
		};
/* End PBXNativeTarget section */

/* Begin PBXProject section */
		8DDF901E2A61AB8100AFB767 /* Project object */ = {
			isa = PBXProject;
			attributes = {
				BuildIndependentTargetsInParallel = 1;
				LastSwiftUpdateCheck = 1430;
				LastUpgradeCheck = 1430;
				TargetAttributes = {
					8DDF90252A61AB8100AFB767 = {
						CreatedOnToolsVersion = 14.3.1;
					};
					8DDF90352A61AB8400AFB767 = {
						CreatedOnToolsVersion = 14.3.1;
						TestTargetID = 8DDF90252A61AB8100AFB767;
					};
					8DDF903F2A61AB8400AFB767 = {
						CreatedOnToolsVersion = 14.3.1;
						TestTargetID = 8DDF90252A61AB8100AFB767;
					};
				};
			};
			buildConfigurationList = 8DDF90212A61AB8100AFB767 /* Build configuration list for PBXProject "MockDemo" */;
			compatibilityVersion = "Xcode 14.0";
			developmentRegion = en;
			hasScannedForEncodings = 0;
			knownRegions = (
				en,
				Base,
			);
			mainGroup = 8DDF901D2A61AB8100AFB767;
			productRefGroup = 8DDF90272A61AB8100AFB767 /* Products */;
			projectDirPath = "";
			projectRoot = "";
			targets = (
				8DDF90252A61AB8100AFB767 /* MockDemo */,
				8DDF90352A61AB8400AFB767 /* MockDemoTests */,
				8DDF903F2A61AB8400AFB767 /* MockDemoUITests */,
			);
		};
/* End PBXProject section */

/* Begin PBXResourcesBuildPhase section */
		8DDF90242A61AB8100AFB767 /* Resources */ = {
			isa = PBXResourcesBuildPhase;
			buildActionMask = 2147483647;
			files = (
				8DDF90312A61AB8300AFB767 /* Preview Assets.xcassets in Resources */,
				8DDF902E2A61AB8300AFB767 /* Assets.xcassets in Resources */,
			);
			runOnlyForDeploymentPostprocessing = 0;
		};
		8DDF90342A61AB8400AFB767 /* Resources */ = {
			isa = PBXResourcesBuildPhase;
			buildActionMask = 2147483647;
			files = (
			);
			runOnlyForDeploymentPostprocessing = 0;
		};
		8DDF903E2A61AB8400AFB767 /* Resources */ = {
			isa = PBXResourcesBuildPhase;
			buildActionMask = 2147483647;
			files = (
			);
			runOnlyForDeploymentPostprocessing = 0;
		};
/* End PBXResourcesBuildPhase section */

/* Begin PBXSourcesBuildPhase section */
		8DDF90222A61AB8100AFB767 /* Sources */ = {
			isa = PBXSourcesBuildPhase;
			buildActionMask = 2147483647;
			files = (
				8DDF902C2A61AB8100AFB767 /* ContentView.swift in Sources */,
				8DDF905F2A65C90000AFB767 /* DashboardView.swift in Sources */,
				8DDF902A2A61AB8100AFB767 /* MockDemoApp.swift in Sources */,
				8DDF905B2A65C6E000AFB767 /* WebService.swift in Sources */,
				8DDF905D2A65C70800AFB767 /* LoginViewModel.swift in Sources */,
				8DDF90592A65C6B200AFB767 /* LoginResponse.swift in Sources */,
			);
			runOnlyForDeploymentPostprocessing = 0;
		};
		8DDF90322A61AB8400AFB767 /* Sources */ = {
			isa = PBXSourcesBuildPhase;
			buildActionMask = 2147483647;
			files = (
				8DDF903B2A61AB8400AFB767 /* MockDemoTests.swift in Sources */,
			);
			runOnlyForDeploymentPostprocessing = 0;
		};
		8DDF903C2A61AB8400AFB767 /* Sources */ = {
			isa = PBXSourcesBuildPhase;
			buildActionMask = 2147483647;
			files = (
				8DDF90472A61AB8400AFB767 /* MockDemoUITestsLaunchTests.swift in Sources */,
				8DDF90452A61AB8400AFB767 /* MockDemoUITests.swift in Sources */,
			);
			runOnlyForDeploymentPostprocessing = 0;
		};
/* End PBXSourcesBuildPhase section */

/* Begin PBXTargetDependency section */
		8DDF90382A61AB8400AFB767 /* PBXTargetDependency */ = {
			isa = PBXTargetDependency;
			target = 8DDF90252A61AB8100AFB767 /* MockDemo */;
			targetProxy = 8DDF90372A61AB8400AFB767 /* PBXContainerItemProxy */;
		};
		8DDF90422A61AB8400AFB767 /* PBXTargetDependency */ = {
			isa = PBXTargetDependency;
			target = 8DDF90252A61AB8100AFB767 /* MockDemo */;
			targetProxy = 8DDF90412A61AB8400AFB767 /* PBXContainerItemProxy */;
		};
/* End PBXTargetDependency section */

/* Begin XCBuildConfiguration section */
		8DDF90482A61AB8400AFB767 /* Debug */ = {
			isa = XCBuildConfiguration;
			buildSettings = {
				ALWAYS_SEARCH_USER_PATHS = NO;
				CLANG_ANALYZER_NONNULL = YES;
				CLANG_ANALYZER_NUMBER_OBJECT_CONVERSION = YES_AGGRESSIVE;
				CLANG_CXX_LANGUAGE_STANDARD = "gnu++20";
				CLANG_ENABLE_MODULES = YES;
				CLANG_ENABLE_OBJC_ARC = YES;
				CLANG_ENABLE_OBJC_WEAK = YES;
				CLANG_WARN_BLOCK_CAPTURE_AUTORELEASING = YES;
				CLANG_WARN_BOOL_CONVERSION = YES;
				CLANG_WARN_COMMA = YES;
				CLANG_WARN_CONSTANT_CONVERSION = YES;
				CLANG_WARN_DEPRECATED_OBJC_IMPLEMENTATIONS = YES;
				CLANG_WARN_DIRECT_OBJC_ISA_USAGE = YES_ERROR;
				CLANG_WARN_DOCUMENTATION_COMMENTS = YES;
				CLANG_WARN_EMPTY_BODY = YES;
				CLANG_WARN_ENUM_CONVERSION = YES;
				CLANG_WARN_INFINITE_RECURSION = YES;
				CLANG_WARN_INT_CONVERSION = YES;
				CLANG_WARN_NON_LITERAL_NULL_CONVERSION = YES;
				CLANG_WARN_OBJC_IMPLICIT_RETAIN_SELF = YES;
				CLANG_WARN_OBJC_LITERAL_CONVERSION = YES;
				CLANG_WARN_OBJC_ROOT_CLASS = YES_ERROR;
				CLANG_WARN_QUOTED_INCLUDE_IN_FRAMEWORK_HEADER = YES;
				CLANG_WARN_RANGE_LOOP_ANALYSIS = YES;
				CLANG_WARN_STRICT_PROTOTYPES = YES;
				CLANG_WARN_SUSPICIOUS_MOVE = YES;
				CLANG_WARN_UNGUARDED_AVAILABILITY = YES_AGGRESSIVE;
				CLANG_WARN_UNREACHABLE_CODE = YES;
				CLANG_WARN__DUPLICATE_METHOD_MATCH = YES;
				COPY_PHASE_STRIP = NO;
				DEBUG_INFORMATION_FORMAT = dwarf;
				ENABLE_STRICT_OBJC_MSGSEND = YES;
				ENABLE_TESTABILITY = YES;
				GCC_C_LANGUAGE_STANDARD = gnu11;
				GCC_DYNAMIC_NO_PIC = NO;
				GCC_NO_COMMON_BLOCKS = YES;
				GCC_OPTIMIZATION_LEVEL = 0;
				GCC_PREPROCESSOR_DEFINITIONS = (
					"DEBUG=1",
					"$(inherited)",
				);
				GCC_WARN_64_TO_32_BIT_CONVERSION = YES;
				GCC_WARN_ABOUT_RETURN_TYPE = YES_ERROR;
				GCC_WARN_UNDECLARED_SELECTOR = YES;
				GCC_WARN_UNINITIALIZED_AUTOS = YES_AGGRESSIVE;
				GCC_WARN_UNUSED_FUNCTION = YES;
				GCC_WARN_UNUSED_VARIABLE = YES;
				IPHONEOS_DEPLOYMENT_TARGET = 16.4;
				MTL_ENABLE_DEBUG_INFO = INCLUDE_SOURCE;
				MTL_FAST_MATH = YES;
				ONLY_ACTIVE_ARCH = YES;
				SDKROOT = iphoneos;
				SWIFT_ACTIVE_COMPILATION_CONDITIONS = DEBUG;
				SWIFT_OPTIMIZATION_LEVEL = "-Onone";
			};
			name = Debug;
		};
		8DDF90492A61AB8400AFB767 /* Release */ = {
			isa = XCBuildConfiguration;
			buildSettings = {
				ALWAYS_SEARCH_USER_PATHS = NO;
				CLANG_ANALYZER_NONNULL = YES;
				CLANG_ANALYZER_NUMBER_OBJECT_CONVERSION = YES_AGGRESSIVE;
				CLANG_CXX_LANGUAGE_STANDARD = "gnu++20";
				CLANG_ENABLE_MODULES = YES;
				CLANG_ENABLE_OBJC_ARC = YES;
				CLANG_ENABLE_OBJC_WEAK = YES;
				CLANG_WARN_BLOCK_CAPTURE_AUTORELEASING = YES;
				CLANG_WARN_BOOL_CONVERSION = YES;
				CLANG_WARN_COMMA = YES;
				CLANG_WARN_CONSTANT_CONVERSION = YES;
				CLANG_WARN_DEPRECATED_OBJC_IMPLEMENTATIONS = YES;
				CLANG_WARN_DIRECT_OBJC_ISA_USAGE = YES_ERROR;
				CLANG_WARN_DOCUMENTATION_COMMENTS = YES;
				CLANG_WARN_EMPTY_BODY = YES;
				CLANG_WARN_ENUM_CONVERSION = YES;
				CLANG_WARN_INFINITE_RECURSION = YES;
				CLANG_WARN_INT_CONVERSION = YES;
				CLANG_WARN_NON_LITERAL_NULL_CONVERSION = YES;
				CLANG_WARN_OBJC_IMPLICIT_RETAIN_SELF = YES;
				CLANG_WARN_OBJC_LITERAL_CONVERSION = YES;
				CLANG_WARN_OBJC_ROOT_CLASS = YES_ERROR;
				CLANG_WARN_QUOTED_INCLUDE_IN_FRAMEWORK_HEADER = YES;
				CLANG_WARN_RANGE_LOOP_ANALYSIS = YES;
				CLANG_WARN_STRICT_PROTOTYPES = YES;
				CLANG_WARN_SUSPICIOUS_MOVE = YES;
				CLANG_WARN_UNGUARDED_AVAILABILITY = YES_AGGRESSIVE;
				CLANG_WARN_UNREACHABLE_CODE = YES;
				CLANG_WARN__DUPLICATE_METHOD_MATCH = YES;
				COPY_PHASE_STRIP = NO;
				DEBUG_INFORMATION_FORMAT = "dwarf-with-dsym";
				ENABLE_NS_ASSERTIONS = NO;
				ENABLE_STRICT_OBJC_MSGSEND = YES;
				GCC_C_LANGUAGE_STANDARD = gnu11;
				GCC_NO_COMMON_BLOCKS = YES;
				GCC_WARN_64_TO_32_BIT_CONVERSION = YES;
				GCC_WARN_ABOUT_RETURN_TYPE = YES_ERROR;
				GCC_WARN_UNDECLARED_SELECTOR = YES;
				GCC_WARN_UNINITIALIZED_AUTOS = YES_AGGRESSIVE;
				GCC_WARN_UNUSED_FUNCTION = YES;
				GCC_WARN_UNUSED_VARIABLE = YES;
				IPHONEOS_DEPLOYMENT_TARGET = 16.4;
				MTL_ENABLE_DEBUG_INFO = NO;
				MTL_FAST_MATH = YES;
				SDKROOT = iphoneos;
				SWIFT_COMPILATION_MODE = wholemodule;
				SWIFT_OPTIMIZATION_LEVEL = "-O";
				VALIDATE_PRODUCT = YES;
			};
			name = Release;
		};
		8DDF904B2A61AB8400AFB767 /* Debug */ = {
			isa = XCBuildConfiguration;
			buildSettings = {
				ASSETCATALOG_COMPILER_APPICON_NAME = AppIcon;
				ASSETCATALOG_COMPILER_GLOBAL_ACCENT_COLOR_NAME = AccentColor;
				CODE_SIGN_STYLE = Automatic;
				CURRENT_PROJECT_VERSION = 1;
				DEVELOPMENT_ASSET_PATHS = "\"MockDemo/Preview Content\"";
				ENABLE_PREVIEWS = YES;
				GENERATE_INFOPLIST_FILE = YES;
				INFOPLIST_KEY_UIApplicationSceneManifest_Generation = YES;
				INFOPLIST_KEY_UIApplicationSupportsIndirectInputEvents = YES;
				INFOPLIST_KEY_UILaunchScreen_Generation = YES;
				INFOPLIST_KEY_UISupportedInterfaceOrientations_iPad = "UIInterfaceOrientationPortrait UIInterfaceOrientationPortraitUpsideDown UIInterfaceOrientationLandscapeLeft UIInterfaceOrientationLandscapeRight";
				INFOPLIST_KEY_UISupportedInterfaceOrientations_iPhone = "UIInterfaceOrientationPortrait UIInterfaceOrientationLandscapeLeft UIInterfaceOrientationLandscapeRight";
				LD_RUNPATH_SEARCH_PATHS = (
					"$(inherited)",
					"@executable_path/Frameworks",
				);
				MARKETING_VERSION = 1.0;
				PRODUCT_BUNDLE_IDENTIFIER = com.demo.MockDemo;
				PRODUCT_NAME = "$(TARGET_NAME)";
				SWIFT_EMIT_LOC_STRINGS = YES;
				SWIFT_VERSION = 5.0;
				TARGETED_DEVICE_FAMILY = "1,2";
			};
			name = Debug;
		};
		8DDF904C2A61AB8400AFB767 /* Release */ = {
			isa = XCBuildConfiguration;
			buildSettings = {
				ASSETCATALOG_COMPILER_APPICON_NAME = AppIcon;
				ASSETCATALOG_COMPILER_GLOBAL_ACCENT_COLOR_NAME = AccentColor;
				CODE_SIGN_STYLE = Automatic;
				CURRENT_PROJECT_VERSION = 1;
				DEVELOPMENT_ASSET_PATHS = "\"MockDemo/Preview Content\"";
				ENABLE_PREVIEWS = YES;
				GENERATE_INFOPLIST_FILE = YES;
				INFOPLIST_KEY_UIApplicationSceneManifest_Generation = YES;
				INFOPLIST_KEY_UIApplicationSupportsIndirectInputEvents = YES;
				INFOPLIST_KEY_UILaunchScreen_Generation = YES;
				INFOPLIST_KEY_UISupportedInterfaceOrientations_iPad = "UIInterfaceOrientationPortrait UIInterfaceOrientationPortraitUpsideDown UIInterfaceOrientationLandscapeLeft UIInterfaceOrientationLandscapeRight";
				INFOPLIST_KEY_UISupportedInterfaceOrientations_iPhone = "UIInterfaceOrientationPortrait UIInterfaceOrientationLandscapeLeft UIInterfaceOrientationLandscapeRight";
				LD_RUNPATH_SEARCH_PATHS = (
					"$(inherited)",
					"@executable_path/Frameworks",
				);
				MARKETING_VERSION = 1.0;
				PRODUCT_BUNDLE_IDENTIFIER = com.demo.MockDemo;
				PRODUCT_NAME = "$(TARGET_NAME)";
				SWIFT_EMIT_LOC_STRINGS = YES;
				SWIFT_VERSION = 5.0;
				TARGETED_DEVICE_FAMILY = "1,2";
			};
			name = Release;
		};
		8DDF904E2A61AB8400AFB767 /* Debug */ = {
			isa = XCBuildConfiguration;
			buildSettings = {
				ALWAYS_EMBED_SWIFT_STANDARD_LIBRARIES = YES;
				BUNDLE_LOADER = "$(TEST_HOST)";
				CODE_SIGN_STYLE = Automatic;
				CURRENT_PROJECT_VERSION = 1;
				GENERATE_INFOPLIST_FILE = YES;
				IPHONEOS_DEPLOYMENT_TARGET = 16.4;
				MARKETING_VERSION = 1.0;
				PRODUCT_BUNDLE_IDENTIFIER = com.demo.MockDemoTests;
				PRODUCT_NAME = "$(TARGET_NAME)";
				SWIFT_EMIT_LOC_STRINGS = NO;
				SWIFT_VERSION = 5.0;
				TARGETED_DEVICE_FAMILY = "1,2";
				TEST_HOST = "$(BUILT_PRODUCTS_DIR)/MockDemo.app/$(BUNDLE_EXECUTABLE_FOLDER_PATH)/MockDemo";
			};
			name = Debug;
		};
		8DDF904F2A61AB8400AFB767 /* Release */ = {
			isa = XCBuildConfiguration;
			buildSettings = {
				ALWAYS_EMBED_SWIFT_STANDARD_LIBRARIES = YES;
				BUNDLE_LOADER = "$(TEST_HOST)";
				CODE_SIGN_STYLE = Automatic;
				CURRENT_PROJECT_VERSION = 1;
				GENERATE_INFOPLIST_FILE = YES;
				IPHONEOS_DEPLOYMENT_TARGET = 16.4;
				MARKETING_VERSION = 1.0;
				PRODUCT_BUNDLE_IDENTIFIER = com.demo.MockDemoTests;
				PRODUCT_NAME = "$(TARGET_NAME)";
				SWIFT_EMIT_LOC_STRINGS = NO;
				SWIFT_VERSION = 5.0;
				TARGETED_DEVICE_FAMILY = "1,2";
				TEST_HOST = "$(BUILT_PRODUCTS_DIR)/MockDemo.app/$(BUNDLE_EXECUTABLE_FOLDER_PATH)/MockDemo";
			};
			name = Release;
		};
		8DDF90512A61AB8400AFB767 /* Debug */ = {
			isa = XCBuildConfiguration;
			buildSettings = {
				ALWAYS_EMBED_SWIFT_STANDARD_LIBRARIES = YES;
				CODE_SIGN_STYLE = Automatic;
				CURRENT_PROJECT_VERSION = 1;
				GENERATE_INFOPLIST_FILE = YES;
				MARKETING_VERSION = 1.0;
				PRODUCT_BUNDLE_IDENTIFIER = com.demo.MockDemoUITests;
				PRODUCT_NAME = "$(TARGET_NAME)";
				SWIFT_EMIT_LOC_STRINGS = NO;
				SWIFT_VERSION = 5.0;
				TARGETED_DEVICE_FAMILY = "1,2";
				TEST_TARGET_NAME = MockDemo;
			};
			name = Debug;
		};
		8DDF90522A61AB8400AFB767 /* Release */ = {
			isa = XCBuildConfiguration;
			buildSettings = {
				ALWAYS_EMBED_SWIFT_STANDARD_LIBRARIES = YES;
				CODE_SIGN_STYLE = Automatic;
				CURRENT_PROJECT_VERSION = 1;
				GENERATE_INFOPLIST_FILE = YES;
				MARKETING_VERSION = 1.0;
				PRODUCT_BUNDLE_IDENTIFIER = com.demo.MockDemoUITests;
				PRODUCT_NAME = "$(TARGET_NAME)";
				SWIFT_EMIT_LOC_STRINGS = NO;
				SWIFT_VERSION = 5.0;
				TARGETED_DEVICE_FAMILY = "1,2";
				TEST_TARGET_NAME = MockDemo;
			};
			name = Release;
		};
/* End XCBuildConfiguration section */

/* Begin XCConfigurationList section */
		8DDF90212A61AB8100AFB767 /* Build configuration list for PBXProject "MockDemo" */ = {
			isa = XCConfigurationList;
			buildConfigurations = (
				8DDF90482A61AB8400AFB767 /* Debug */,
				8DDF90492A61AB8400AFB767 /* Release */,
			);
			defaultConfigurationIsVisible = 0;
			defaultConfigurationName = Release;
		};
		8DDF904A2A61AB8400AFB767 /* Build configuration list for PBXNativeTarget "MockDemo" */ = {
			isa = XCConfigurationList;
			buildConfigurations = (
				8DDF904B2A61AB8400AFB767 /* Debug */,
				8DDF904C2A61AB8400AFB767 /* Release */,
			);
			defaultConfigurationIsVisible = 0;
			defaultConfigurationName = Release;
		};
		8DDF904D2A61AB8400AFB767 /* Build configuration list for PBXNativeTarget "MockDemoTests" */ = {
			isa = XCConfigurationList;
			buildConfigurations = (
				8DDF904E2A61AB8400AFB767 /* Debug */,
				8DDF904F2A61AB8400AFB767 /* Release */,
			);
			defaultConfigurationIsVisible = 0;
			defaultConfigurationName = Release;
		};
		8DDF90502A61AB8400AFB767 /* Build configuration list for PBXNativeTarget "MockDemoUITests" */ = {
			isa = XCConfigurationList;
			buildConfigurations = (
				8DDF90512A61AB8400AFB767 /* Debug */,
				8DDF90522A61AB8400AFB767 /* Release */,
			);
			defaultConfigurationIsVisible = 0;
			defaultConfigurationName = Release;
		};
/* End XCConfigurationList section */
	};
	rootObject = 8DDF901E2A61AB8100AFB767 /* Project object */;
}
